
Microsoft Visual Studio Solution File, Format Version 12.00
# Visual Studio Version 17
VisualStudioVersion = 17.0.31903.59
MinimumVisualStudioVersion = 10.0.40219.1
Project("{FAE04EC0-301F-11D3-BF4B-00C04F79EFBC}") = "Producao.Api", "src\Producao.Api\Producao.Api.csproj", "{FFA7D2CB-EC50-4418-83F7-02884287E3D7}"
EndProject
Project("{FAE04EC0-301F-11D3-BF4B-00C04F79EFBC}") = "Producao.Domain", "src\Producao.Domain\Producao.Domain.csproj", "{32EE29C3-F4F9-4242-87B1-D7093C2D477D}"
EndProject
Project("{2150E333-8FDC-42A3-9474-1A3956D46DE8}") = "src", "src", "{49B4524B-257B-4585-9669-6B48F68A6789}"
EndProject
Project("{2150E333-8FDC-42A3-9474-1A3956D46DE8}") = "Domain", "Domain", "{5ED62455-D520-4C29-8CCE-3A3522396DA4}"
EndProject
Project("{2150E333-8FDC-42A3-9474-1A3956D46DE8}") = "Application", "Application", "{358DB8DD-2BBC-4B07-826F-9AA62B678AF2}"
EndProject
Project("{2150E333-8FDC-42A3-9474-1A3956D46DE8}") = "Adapters", "Adapters", "{A0FE7982-9956-4FC5-902D-FFC6B9E2EE34}"
EndProject
Project("{2150E333-8FDC-42A3-9474-1A3956D46DE8}") = "FrameworksAndDrivers", "FrameworksAndDrivers", "{D3E4B891-9D59-4E17-8DA4-4611AAE4C147}"
EndProject
Project("{FAE04EC0-301F-11D3-BF4B-00C04F79EFBC}") = "Producao.Adapters", "src\Producao.Adapters\Producao.Adapters.csproj", "{B0F1E1BA-494C-4E81-B821-41E3326DD0EE}"
EndProject
Project("{FAE04EC0-301F-11D3-BF4B-00C04F79EFBC}") = "Producao.Apps", "src\Producao.Apps\Producao.Apps.csproj", "{BFA5DC45-0A2F-4DD9-867E-404EB1A9A7D7}"
EndProject
Project("{FAE04EC0-301F-11D3-BF4B-00C04F79EFBC}") = "Producao.Tests", "test\Producao.Tests\Producao.Tests.csproj", "{219ADE8F-0EA7-4250-B845-ACA5BC5D32F4}"
EndProject
Project("{2150E333-8FDC-42A3-9474-1A3956D46DE8}") = "Tests", "Tests", "{379E893E-0AF1-4839-B82E-69E22868534E}"
EndProject
Project("{FAE04EC0-301F-11D3-BF4B-00C04F79EFBC}") = "Producao.Infrastructure", "src\Producao.Infrastructure\Producao.Infrastructure.csproj", "{DEFE051A-6FAA-40EA-9543-A3EEFB65D17E}"
EndProject
Project("{FAE04EC0-301F-11D3-BF4B-00C04F79EFBC}") = "Producao.CrossCutting", "src\Producao.CrossCutting\Producao.CrossCutting.csproj", "{20FC201F-2F5C-4158-82A0-3311880D3DA4}"
EndProject
Global
	GlobalSection(SolutionConfigurationPlatforms) = preSolution
		Debug|Any CPU = Debug|Any CPU
		Release|Any CPU = Release|Any CPU
	EndGlobalSection
	GlobalSection(SolutionProperties) = preSolution
		HideSolutionNode = FALSE
	EndGlobalSection
	GlobalSection(ProjectConfigurationPlatforms) = postSolution
		{FFA7D2CB-EC50-4418-83F7-02884287E3D7}.Debug|Any CPU.ActiveCfg = Debug|Any CPU
		{FFA7D2CB-EC50-4418-83F7-02884287E3D7}.Debug|Any CPU.Build.0 = Debug|Any CPU
		{FFA7D2CB-EC50-4418-83F7-02884287E3D7}.Release|Any CPU.ActiveCfg = Release|Any CPU
		{FFA7D2CB-EC50-4418-83F7-02884287E3D7}.Release|Any CPU.Build.0 = Release|Any CPU
		{32EE29C3-F4F9-4242-87B1-D7093C2D477D}.Debug|Any CPU.ActiveCfg = Debug|Any CPU
		{32EE29C3-F4F9-4242-87B1-D7093C2D477D}.Debug|Any CPU.Build.0 = Debug|Any CPU
		{32EE29C3-F4F9-4242-87B1-D7093C2D477D}.Release|Any CPU.ActiveCfg = Release|Any CPU
		{32EE29C3-F4F9-4242-87B1-D7093C2D477D}.Release|Any CPU.Build.0 = Release|Any CPU
		{B0F1E1BA-494C-4E81-B821-41E3326DD0EE}.Debug|Any CPU.ActiveCfg = Debug|Any CPU
		{B0F1E1BA-494C-4E81-B821-41E3326DD0EE}.Debug|Any CPU.Build.0 = Debug|Any CPU
		{B0F1E1BA-494C-4E81-B821-41E3326DD0EE}.Release|Any CPU.ActiveCfg = Release|Any CPU
		{B0F1E1BA-494C-4E81-B821-41E3326DD0EE}.Release|Any CPU.Build.0 = Release|Any CPU
		{BFA5DC45-0A2F-4DD9-867E-404EB1A9A7D7}.Debug|Any CPU.ActiveCfg = Debug|Any CPU
		{BFA5DC45-0A2F-4DD9-867E-404EB1A9A7D7}.Debug|Any CPU.Build.0 = Debug|Any CPU
		{BFA5DC45-0A2F-4DD9-867E-404EB1A9A7D7}.Release|Any CPU.ActiveCfg = Release|Any CPU
		{BFA5DC45-0A2F-4DD9-867E-404EB1A9A7D7}.Release|Any CPU.Build.0 = Release|Any CPU
		{219ADE8F-0EA7-4250-B845-ACA5BC5D32F4}.Debug|Any CPU.ActiveCfg = Debug|Any CPU
		{219ADE8F-0EA7-4250-B845-ACA5BC5D32F4}.Debug|Any CPU.Build.0 = Debug|Any CPU
		{219ADE8F-0EA7-4250-B845-ACA5BC5D32F4}.Release|Any CPU.ActiveCfg = Release|Any CPU
		{219ADE8F-0EA7-4250-B845-ACA5BC5D32F4}.Release|Any CPU.Build.0 = Release|Any CPU
		{DEFE051A-6FAA-40EA-9543-A3EEFB65D17E}.Debug|Any CPU.ActiveCfg = Debug|Any CPU
		{DEFE051A-6FAA-40EA-9543-A3EEFB65D17E}.Debug|Any CPU.Build.0 = Debug|Any CPU
		{DEFE051A-6FAA-40EA-9543-A3EEFB65D17E}.Release|Any CPU.ActiveCfg = Release|Any CPU
		{DEFE051A-6FAA-40EA-9543-A3EEFB65D17E}.Release|Any CPU.Build.0 = Release|Any CPU
		{20FC201F-2F5C-4158-82A0-3311880D3DA4}.Debug|Any CPU.ActiveCfg = Debug|Any CPU
		{20FC201F-2F5C-4158-82A0-3311880D3DA4}.Debug|Any CPU.Build.0 = Debug|Any CPU
		{20FC201F-2F5C-4158-82A0-3311880D3DA4}.Release|Any CPU.ActiveCfg = Release|Any CPU
		{20FC201F-2F5C-4158-82A0-3311880D3DA4}.Release|Any CPU.Build.0 = Release|Any CPU
	EndGlobalSection
	GlobalSection(NestedProjects) = preSolution
		{5ED62455-D520-4C29-8CCE-3A3522396DA4} = {49B4524B-257B-4585-9669-6B48F68A6789}
		{32EE29C3-F4F9-4242-87B1-D7093C2D477D} = {5ED62455-D520-4C29-8CCE-3A3522396DA4}
		{358DB8DD-2BBC-4B07-826F-9AA62B678AF2} = {49B4524B-257B-4585-9669-6B48F68A6789}
		{A0FE7982-9956-4FC5-902D-FFC6B9E2EE34} = {49B4524B-257B-4585-9669-6B48F68A6789}
		{D3E4B891-9D59-4E17-8DA4-4611AAE4C147} = {49B4524B-257B-4585-9669-6B48F68A6789}
		{FFA7D2CB-EC50-4418-83F7-02884287E3D7} = {D3E4B891-9D59-4E17-8DA4-4611AAE4C147}
		{B0F1E1BA-494C-4E81-B821-41E3326DD0EE} = {A0FE7982-9956-4FC5-902D-FFC6B9E2EE34}
		{BFA5DC45-0A2F-4DD9-867E-404EB1A9A7D7} = {358DB8DD-2BBC-4B07-826F-9AA62B678AF2}
		{219ADE8F-0EA7-4250-B845-ACA5BC5D32F4} = {379E893E-0AF1-4839-B82E-69E22868534E}
		{DEFE051A-6FAA-40EA-9543-A3EEFB65D17E} = {D3E4B891-9D59-4E17-8DA4-4611AAE4C147}
		{20FC201F-2F5C-4158-82A0-3311880D3DA4} = {358DB8DD-2BBC-4B07-826F-9AA62B678AF2}
	EndGlobalSection
EndGlobal
